
Microsoft Visual Studio Solution File, Format Version 12.00
# Visual Studio Version 16
VisualStudioVersion = 16.0.29215.179
MinimumVisualStudioVersion = 10.0.40219.1
Project("{FAE04EC0-301F-11D3-BF4B-00C04F79EFBC}") = "confirma-pay-technical-test", "confirma-pay-technical-test\confirma-pay-technical-test.csproj", "{BED90C01-660B-4BA8-8260-31050F6E8DE4}"
EndProject
Global
	GlobalSection(SolutionConfigurationPlatforms) = preSolution
		Debug|Any CPU = Debug|Any CPU
		Release|Any CPU = Release|Any CPU
	EndGlobalSection
	GlobalSection(ProjectConfigurationPlatforms) = postSolution
		{BED90C01-660B-4BA8-8260-31050F6E8DE4}.Debug|Any CPU.ActiveCfg = Debug|Any CPU
		{BED90C01-660B-4BA8-8260-31050F6E8DE4}.Debug|Any CPU.Build.0 = Debug|Any CPU
		{BED90C01-660B-4BA8-8260-31050F6E8DE4}.Release|Any CPU.ActiveCfg = Release|Any CPU
		{BED90C01-660B-4BA8-8260-31050F6E8DE4}.Release|Any CPU.Build.0 = Release|Any CPU
	EndGlobalSection
	GlobalSection(SolutionProperties) = preSolution
		HideSolutionNode = FALSE
	EndGlobalSection
	GlobalSection(ExtensibilityGlobals) = postSolution
		SolutionGuid = {9B9B75D0-266C-49AB-9118-A6BDFB51465C}
	EndGlobalSection
EndGlobal
